{
  "version": "2",
  "remote": {
    "https://cdn.esm.sh/v77/preact@10.7.1/deno/jsx-runtime.js": "459df0d2500481d01aa8d53a0a26ae0951dfe919f092c656a6d3352e23954f2e",
    "https://cdn.esm.sh/v77/preact@10.7.1/deno/preact.js": "fb386f5e54f1809c32880de514835aa732c42b17e343ddbab0783b378ea8496e",
    "https://cdn.esm.sh/v77/preact@10.7.1/jsx-runtime/src/index.d.ts": "e153460ed2b3fe2ad8b93696ecd48fbf73cd628b0b0ea6692b71804a3af69dfd",
    "https://cdn.esm.sh/v77/preact@10.7.1/src/index.d.ts": "cd4a850a1901e3d690cafa55c85333a08734f288e4ac0348325a0887722f7399",
    "https://cdn.esm.sh/v77/preact@10.7.1/src/jsx.d.ts": "3693adcbd3b8ef0308d3187aca29eb9fb8c9c39ba2fc179d7dd229fc49b63418",
    "https://deno.land/std@0.111.0/_util/assert.ts": "2f868145a042a11d5ad0a3c748dcf580add8a0dbc0e876eaa0026303a5488f58",
    "https://deno.land/std@0.111.0/flags/mod.ts": "5bd80147c97e481efcc4c041096c6c1a1393248e2849ccd571269d62c2634cbe",
    "https://deno.land/std@0.120.0/async/deadline.ts": "1d6ac7aeaee22f75eb86e4e105d6161118aad7b41ae2dd14f4cfd3bf97472b93",
    "https://deno.land/std@0.120.0/async/debounce.ts": "b2f693e4baa16b62793fd618de6c003b63228db50ecfe3bd51fc5f6dc0bc264b",
    "https://deno.land/std@0.120.0/async/deferred.ts": "ab60d46ba561abb3b13c0c8085d05797a384b9f182935f051dc67136817acdee",
    "https://deno.land/std@0.120.0/async/delay.ts": "f2d8ccaa8ebc26594bd8b0989edfd8a96257a714c1dee2fb54d986e5bdd840ac",
    "https://deno.land/std@0.120.0/async/mod.ts": "78425176fabea7bd1046ce3819fd69ce40da85c83e0f174d17e8e224a91f7d10",
    "https://deno.land/std@0.120.0/async/mux_async_iterator.ts": "62abff3af9ff619e8f2adc96fc70d4ca020fa48a50c23c13f12d02ed2b760dbe",
    "https://deno.land/std@0.120.0/async/pool.ts": "353ce4f91865da203a097aa6f33de8966340c91b6f4a055611c8c5d534afd12f",
    "https://deno.land/std@0.120.0/async/tee.ts": "3e9f2ef6b36e55188de16a667c702ace4ad0cf84e3720379160e062bf27348ad",
    "https://deno.land/std@0.120.0/http/server.ts": "d0be8a9da160255623e645f5b515fa1c6b65eecfbb9cad87ef8002d4f8d56616",
    "https://deno.land/std@0.165.0/fmt/colors.ts": "9e36a716611dcd2e4865adea9c4bec916b5c60caad4cdcdc630d4974e6bb8bd4",
    "https://deno.land/std@0.165.0/fs/exists.ts": "6a447912e49eb79cc640adacfbf4b0baf8e17ede6d5bed057062ce33c4fa0d68",
    "https://deno.land/std@0.165.0/testing/_diff.ts": "a23e7fc2b4d8daa3e158fa06856bedf5334ce2a2831e8bf9e509717f455adb2c",
    "https://deno.land/std@0.165.0/testing/_format.ts": "cd11136e1797791045e639e9f0f4640d5b4166148796cad37e6ef75f7d7f3832",
    "https://deno.land/std@0.165.0/testing/asserts.ts": "1e340c589853e82e0807629ba31a43c84ebdcdeca910c4a9705715dfdb0f5ce8",
    "https://deno.land/x/deno_dom@v0.1.22-alpha/build/deno-wasm/deno-wasm.js": "077162a693528034d8ef84b6602e3562db3ce07c15ce2cf547fe76f7ef48f940",
    "https://deno.land/x/deno_dom@v0.1.22-alpha/deno-dom-wasm.ts": "bfd999a493a6974e9fca4d331bee03bfb68cfc600c662cd0b48b21d67a2a8ba0",
    "https://deno.land/x/deno_dom@v0.1.22-alpha/src/api.ts": "cddf406ac2bb73b3b92b1c587acf0a74519884a6e6798b2dbebe9a7ba8842d35",
    "https://deno.land/x/deno_dom@v0.1.22-alpha/src/constructor-lock.ts": "59714df7e0571ec7bd338903b1f396202771a6d4d7f55a452936bd0de9deb186",
    "https://deno.land/x/deno_dom@v0.1.22-alpha/src/deserialize.ts": "3c8ec2fccddac7af0963816f44940a420c4ecea6bb41c0e9d4485a3f26dd712e",
    "https://deno.land/x/deno_dom@v0.1.22-alpha/src/dom/document-fragment.ts": "a40c6e18dd0efcf749a31552c1c9a6f7fa614452245e86ee38fc92ba0235e5ae",
    "https://deno.land/x/deno_dom@v0.1.22-alpha/src/dom/document.ts": "f6dc03ac37170b93c97c2c1e7034e3e35b3434c709a4978f2eeaf0ca177588b4",
    "https://deno.land/x/deno_dom@v0.1.22-alpha/src/dom/dom-parser.ts": "609097b426f8c2358f3e5d2bca55ed026cf26cdf86562e94130dfdb0f2537f92",
    "https://deno.land/x/deno_dom@v0.1.22-alpha/src/dom/element.ts": "68256e45aee0ba5b2c784f3b2d6e1492bf424bc0216bf6940723054ee3461636",
    "https://deno.land/x/deno_dom@v0.1.22-alpha/src/dom/html-collection.ts": "ae90197f5270c32074926ad6cf30ee07d274d44596c7e413c354880cebce8565",
    "https://deno.land/x/deno_dom@v0.1.22-alpha/src/dom/node-list.ts": "d9c07baf0acc383112cbabafacf26a0aedb04d0866645e7485f5ab23e470b6f8",
    "https://deno.land/x/deno_dom@v0.1.22-alpha/src/dom/node.ts": "76a73a970e05b9d00b4f9249d5276c68a05581313eb070c269109d6268c2a7b9",
    "https://deno.land/x/deno_dom@v0.1.22-alpha/src/dom/selectors/custom-api.ts": "852696bd58e534bc41bd3be9e2250b60b67cd95fd28ed16b1deff1d548531a71",
    "https://deno.land/x/deno_dom@v0.1.22-alpha/src/dom/selectors/nwsapi-types.ts": "c43b36c36acc5d32caabaa54fda8c9d239b2b0fcbce9a28efb93c84aa1021698",
    "https://deno.land/x/deno_dom@v0.1.22-alpha/src/dom/selectors/nwsapi.js": "10a2bf1409c9e82f3d6b604d275dd3418cb26348e659411502e19b6aed699772",
    "https://deno.land/x/deno_dom@v0.1.22-alpha/src/dom/selectors/selectors.ts": "83eab57be2290fb48e3130533448c93c6c61239f2a2f3b85f1917f80ca0fdc75",
    "https://deno.land/x/deno_dom@v0.1.22-alpha/src/dom/selectors/sizzle-types.ts": "78149e2502409989ce861ed636b813b059e16bc267bb543e7c2b26ef43e4798b",
    "https://deno.land/x/deno_dom@v0.1.22-alpha/src/dom/selectors/sizzle.js": "c3aed60c1045a106d8e546ac2f85cc82e65f62d9af2f8f515210b9212286682a",
    "https://deno.land/x/deno_dom@v0.1.22-alpha/src/dom/utils-types.ts": "96db30e3e4a75b194201bb9fa30988215da7f91b380fca6a5143e51ece2a8436",
    "https://deno.land/x/deno_dom@v0.1.22-alpha/src/dom/utils.ts": "90a2bfb9507be15ee0567352dc722582938336e6069871efe21997d8dc2aa605",
    "https://deno.land/x/deno_dom@v0.1.22-alpha/src/parser.ts": "b65eb7e673fa7ca611de871de109655f0aa9fa35ddc1de73df1a5fc2baafc332",
    "https://deno.land/x/sqlite@v3.5.0/build/sqlite.d.ts": "b52e6b5ea2e0517750be2ea1eae8da0edd5056c1f285247aa1c0153f4ef504ec",
    "https://deno.land/x/sqlite@v3.5.0/build/sqlite.js": "15eccc8f1cfb735f9a13b600fc20cf5ec93765439da50ef835328f2070b6655d",
    "https://deno.land/x/sqlite@v3.5.0/build/vfs.js": "01bae9acd531a68590479da0571b68e71357922a1e2f5ef91382ea3f2b22a3f5",
    "https://deno.land/x/sqlite@v3.5.0/mod.ts": "eb55ff3e103826ee735fa1a8ec2db6e96c8fec826faf198239c66a0fe635c4b6",
    "https://deno.land/x/sqlite@v3.5.0/src/constants.ts": "b967237b460fafa03ca03aeddb33953bed41c7cbdc309a934e2329a5c84079ac",
    "https://deno.land/x/sqlite@v3.5.0/src/db.ts": "baddd7daa17bf5958c903f3232d595ca0f71b51beca54b149a6713fb6f9d3a96",
    "https://deno.land/x/sqlite@v3.5.0/src/error.ts": "3ab5f334d78be42a28cb075f331f6080a99917c3ea43c28fb63abdc81ef52a02",
    "https://deno.land/x/sqlite@v3.5.0/src/query.ts": "a83c95cf9d74cff4abb1274c7bb370cc9aebf48be883a643b354276018d53468",
    "https://deno.land/x/sqlite@v3.5.0/src/wasm.ts": "e79d0baa6e42423257fb3c7cc98091c54399254867e0f34a09b5bdef37bd9487",
    "https://esm.sh/preact/jsx-runtime": "40a4b63d4b47f89fbfd13335069df0a1aa2e117f161eb8003436a6d4aa3e9368"
  },
  "npm": {
    "specifiers": {
      "preact-render-to-string": "preact-render-to-string@5.2.6",
      "prettier": "prettier@2.7.1"
    },
    "packages": {
      "preact-render-to-string@5.2.6": {
        "integrity": "sha512-JyhErpYOvBV1hEPwIxc/fHWXPfnEGdRKxc8gFdAZ7XV4tlzyzG847XAyEZqoDnynP88akM4eaHcSOzNcLWFguw==",
        "dependencies": {
          "preact": "preact@10.11.3",
          "pretty-format": "pretty-format@3.8.0"
        }
      },
      "preact@10.11.3": {
        "integrity": "sha512-eY93IVpod/zG3uMF22Unl8h9KkrcKIRs2EGar8hwLZZDU1lkjph303V9HZBwufh2s736U6VXuhD109LYqPoffg==",
        "dependencies": {}
      },
      "prettier@2.7.1": {
        "integrity": "sha512-ujppO+MkdPqoVINuDFDRLClm7D78qbDt0/NR+wp5FqEZOoTNAjPHWj17QRhu7geIHJfcNhRk1XVQmF8Bp3ye+g==",
        "dependencies": {}
      },
      "pretty-format@3.8.0": {
        "integrity": "sha512-WuxUnVtlWL1OfZFQFuqvnvs6MiAGk9UNsBostyBOB0Is9wb5uRESevA6rnl/rkksXaGX3GzZhPup5d6Vp1nFew==",
        "dependencies": {}
      }
    }
  }
}
